
Microsoft Visual Studio Solution File, Format Version 12.00
# Visual Studio 15
Project("{FAE04EC0-301F-11D3-BF4B-00C04F79EFBC}") = "NewMatch3", "Assembly-CSharp.csproj", "{24AC447E-4081-E9C6-1BF2-2D463491EEFE}"
EndProject
Global
	GlobalSection(SolutionConfigurationPlatforms) = preSolution
		Debug|Any CPU = Debug|Any CPU
		Release|Any CPU = Release|Any CPU
	EndGlobalSection
	GlobalSection(ProjectConfigurationPlatforms) = postSolution
		{24AC447E-4081-E9C6-1BF2-2D463491EEFE}.Debug|Any CPU.ActiveCfg = Debug|Any CPU
		{24AC447E-4081-E9C6-1BF2-2D463491EEFE}.Debug|Any CPU.Build.0 = Debug|Any CPU
		{24AC447E-4081-E9C6-1BF2-2D463491EEFE}.Release|Any CPU.ActiveCfg = Release|Any CPU
		{24AC447E-4081-E9C6-1BF2-2D463491EEFE}.Release|Any CPU.Build.0 = Release|Any CPU
	EndGlobalSection
	GlobalSection(SolutionProperties) = preSolution
		HideSolutionNode = FALSE
	EndGlobalSection
EndGlobal
